
Microsoft Visual Studio Solution File, Format Version 12.00
# Visual Studio Version 17
VisualStudioVersion = 17.9.34622.214
MinimumVisualStudioVersion = 10.0.40219.1
Project("{9A19103F-16F7-4668-BE54-9A1E7A4F7556}") = "EFCore.DatabaseFirst", "EFCore.DatabaseFirst\EFCore.DatabaseFirst.csproj", "{5067EE2F-9D5F-4691-BC9E-F5E57B3481EE}"
EndProject
Project("{9A19103F-16F7-4668-BE54-9A1E7A4F7556}") = "EFCore.DatabaseFirst.ByScaffold", "EfCore.DatabaseFirst.ByScaffold\EFCore.DatabaseFirst.ByScaffold.csproj", "{A5DFF349-47CA-4270-B086-8E4F535C84FC}"
EndProject
Project("{FAE04EC0-301F-11D3-BF4B-00C04F79EFBC}") = "EFCore.ContextConfiguration", "EFCore.ContextConfiguration\EFCore.ContextConfiguration.csproj", "{388537CC-6F20-4760-97F4-8F0AC92F141F}"
EndProject
Global
	GlobalSection(SolutionConfigurationPlatforms) = preSolution
		Debug|Any CPU = Debug|Any CPU
		Release|Any CPU = Release|Any CPU
	EndGlobalSection
	GlobalSection(ProjectConfigurationPlatforms) = postSolution
		{5067EE2F-9D5F-4691-BC9E-F5E57B3481EE}.Debug|Any CPU.ActiveCfg = Debug|Any CPU
		{5067EE2F-9D5F-4691-BC9E-F5E57B3481EE}.Debug|Any CPU.Build.0 = Debug|Any CPU
		{5067EE2F-9D5F-4691-BC9E-F5E57B3481EE}.Release|Any CPU.ActiveCfg = Release|Any CPU
		{5067EE2F-9D5F-4691-BC9E-F5E57B3481EE}.Release|Any CPU.Build.0 = Release|Any CPU
		{A5DFF349-47CA-4270-B086-8E4F535C84FC}.Debug|Any CPU.ActiveCfg = Debug|Any CPU
		{A5DFF349-47CA-4270-B086-8E4F535C84FC}.Debug|Any CPU.Build.0 = Debug|Any CPU
		{A5DFF349-47CA-4270-B086-8E4F535C84FC}.Release|Any CPU.ActiveCfg = Release|Any CPU
		{A5DFF349-47CA-4270-B086-8E4F535C84FC}.Release|Any CPU.Build.0 = Release|Any CPU
		{388537CC-6F20-4760-97F4-8F0AC92F141F}.Debug|Any CPU.ActiveCfg = Debug|Any CPU
		{388537CC-6F20-4760-97F4-8F0AC92F141F}.Debug|Any CPU.Build.0 = Debug|Any CPU
		{388537CC-6F20-4760-97F4-8F0AC92F141F}.Release|Any CPU.ActiveCfg = Release|Any CPU
		{388537CC-6F20-4760-97F4-8F0AC92F141F}.Release|Any CPU.Build.0 = Release|Any CPU
	EndGlobalSection
	GlobalSection(SolutionProperties) = preSolution
		HideSolutionNode = FALSE
	EndGlobalSection
	GlobalSection(ExtensibilityGlobals) = postSolution
		SolutionGuid = {FB2FA33F-9C06-46C6-87C4-61E2DF3EEB36}
	EndGlobalSection
EndGlobal
